
Microsoft Visual Studio Solution File, Format Version 12.00
# Visual Studio Version 17
VisualStudioVersion = 17.5.33502.453
MinimumVisualStudioVersion = 10.0.40219.1
Project("{9A19103F-16F7-4668-BE54-9A1E7A4F7556}") = "Hardware.Diagnosis.Example", "Tools\Hardware.Diagnosis.Example\Hardware.Diagnosis.Example.csproj", "{2056D4D5-C0EE-4242-B599-B5A23B192C22}"
EndProject
Project("{9A19103F-16F7-4668-BE54-9A1E7A4F7556}") = "Demo.Task.Cancel", "Demo.Task.Cancel\Demo.Task.Cancel.csproj", "{5B389B92-A9DB-4B0C-BDA6-7A69DA14354E}"
EndProject
Project("{9A19103F-16F7-4668-BE54-9A1E7A4F7556}") = "Demo.PowerShell.Example", "Demo.PowerShell.Example\Demo.PowerShell.Example.csproj", "{2F5CEE41-7E77-4BFA-B5F0-5173D890143D}"
EndProject
Project("{9A19103F-16F7-4668-BE54-9A1E7A4F7556}") = "Demo.Calculate.Statistics", "Demo.Calculate.Statistics\Demo.Calculate.Statistics.csproj", "{079F2683-3D8E-4751-B6FA-5F37CA21344A}"
EndProject
Project("{9A19103F-16F7-4668-BE54-9A1E7A4F7556}") = "Ability.ModbusRTU", "Tools\Ability.ModbusRTU\Ability.ModbusRTU.csproj", "{F84030B6-3758-418A-B4FD-D4ED57E0EC97}"
EndProject
Global
	GlobalSection(SolutionConfigurationPlatforms) = preSolution
		Debug|Any CPU = Debug|Any CPU
		Release|Any CPU = Release|Any CPU
	EndGlobalSection
	GlobalSection(ProjectConfigurationPlatforms) = postSolution
		{2056D4D5-C0EE-4242-B599-B5A23B192C22}.Debug|Any CPU.ActiveCfg = Debug|Any CPU
		{2056D4D5-C0EE-4242-B599-B5A23B192C22}.Debug|Any CPU.Build.0 = Debug|Any CPU
		{2056D4D5-C0EE-4242-B599-B5A23B192C22}.Release|Any CPU.ActiveCfg = Release|Any CPU
		{2056D4D5-C0EE-4242-B599-B5A23B192C22}.Release|Any CPU.Build.0 = Release|Any CPU
		{5B389B92-A9DB-4B0C-BDA6-7A69DA14354E}.Debug|Any CPU.ActiveCfg = Debug|Any CPU
		{5B389B92-A9DB-4B0C-BDA6-7A69DA14354E}.Debug|Any CPU.Build.0 = Debug|Any CPU
		{5B389B92-A9DB-4B0C-BDA6-7A69DA14354E}.Release|Any CPU.ActiveCfg = Release|Any CPU
		{5B389B92-A9DB-4B0C-BDA6-7A69DA14354E}.Release|Any CPU.Build.0 = Release|Any CPU
		{2F5CEE41-7E77-4BFA-B5F0-5173D890143D}.Debug|Any CPU.ActiveCfg = Debug|Any CPU
		{2F5CEE41-7E77-4BFA-B5F0-5173D890143D}.Debug|Any CPU.Build.0 = Debug|Any CPU
		{2F5CEE41-7E77-4BFA-B5F0-5173D890143D}.Release|Any CPU.ActiveCfg = Release|Any CPU
		{2F5CEE41-7E77-4BFA-B5F0-5173D890143D}.Release|Any CPU.Build.0 = Release|Any CPU
		{079F2683-3D8E-4751-B6FA-5F37CA21344A}.Debug|Any CPU.ActiveCfg = Debug|Any CPU
		{079F2683-3D8E-4751-B6FA-5F37CA21344A}.Debug|Any CPU.Build.0 = Debug|Any CPU
		{079F2683-3D8E-4751-B6FA-5F37CA21344A}.Release|Any CPU.ActiveCfg = Release|Any CPU
		{079F2683-3D8E-4751-B6FA-5F37CA21344A}.Release|Any CPU.Build.0 = Release|Any CPU
		{F84030B6-3758-418A-B4FD-D4ED57E0EC97}.Debug|Any CPU.ActiveCfg = Debug|Any CPU
		{F84030B6-3758-418A-B4FD-D4ED57E0EC97}.Debug|Any CPU.Build.0 = Debug|Any CPU
		{F84030B6-3758-418A-B4FD-D4ED57E0EC97}.Release|Any CPU.ActiveCfg = Release|Any CPU
		{F84030B6-3758-418A-B4FD-D4ED57E0EC97}.Release|Any CPU.Build.0 = Release|Any CPU
	EndGlobalSection
	GlobalSection(SolutionProperties) = preSolution
		HideSolutionNode = FALSE
	EndGlobalSection
	GlobalSection(ExtensibilityGlobals) = postSolution
		SolutionGuid = {1E1D9D6B-7E5F-4A66-BEAA-C1462D19A270}
	EndGlobalSection
EndGlobal
